schema: '2.0'
stages:
  data_ingestion:
    cmd: python src/HowlerMonkey/pipeline/stage_01_data_ingestion.py
    deps:
    - path: config/coco.yaml
      hash: md5
      md5: ccc4cb946696d40633a9e104d4ee76ee
      size: 107
    - path: config/config.yaml
      hash: md5
      md5: 65341295c3e7d76d9d4ccdfd44020256
      size: 457
    - path: src/HowlerMonkey/pipeline/stage_01_data_ingestion.py
      hash: md5
      md5: 5f85936cac692c201024a5533003c227
      size: 905
    outs:
    - path: artifacts/data_ingestion/data
      hash: md5
      md5: 821515f5824c310cdf124c13dedcc23c.dir
      size: 1288728640
      nfiles: 26169
  training:
    cmd: python src/HowlerMonkey/pipeline/stage_02_model_training.py
    deps:
    - path: artifacts/data_ingestion/data
      hash: md5
      md5: 2fa27c287ef4487de1d4beadfc2503a6.dir
      size: 1552964278
      nfiles: 4298
    - path: config/coco.yaml
      hash: md5
      md5: addba1a1b0b5cf07c3bd61307eab1bbd
      size: 100
    - path: config/config.yaml
      hash: md5
      md5: 73ff98e0f9cde8a8fcdeb34b4174cf7d
      size: 442
    - path: src/HowlerMonkey/pipeline/stage_02_model_training.py
      hash: md5
      md5: cf6ae279002dae051c7f64cd3d25834f
      size: 847
    params:
      params.yaml:
        BATCH_SIZE: 64
        EPOCHS: 10
    outs:
    - path: artifacts/training/best.pt
      hash: md5
      md5: f5096e20129b0d5e5090f2f1263f562a
      size: 6231257
  evaluation:
    cmd: python src/HowlerMonkey/pipeline/stage_03_model_evaluation.py
    deps:
    - path: artifacts/data_ingestion/data
      hash: md5
      md5: 2fa27c287ef4487de1d4beadfc2503a6.dir
      size: 1552964278
      nfiles: 4298
    - path: artifacts/training/best.pt
      hash: md5
      md5: f5096e20129b0d5e5090f2f1263f562a
      size: 6231257
    - path: config/coco.yaml
      hash: md5
      md5: addba1a1b0b5cf07c3bd61307eab1bbd
      size: 100
    - path: config/config.yaml
      hash: md5
      md5: 73ff98e0f9cde8a8fcdeb34b4174cf7d
      size: 442
    - path: src/HowlerMonkey/pipeline/stage_03_model_evaluation.py
      hash: md5
      md5: 828e8b2ace8215408c85ed23b88f53dd
      size: 858
    params:
      params.yaml:
        BATCH_SIZE: 64
        EPOCHS: 10
    outs:
    - path: scores.json
      hash: md5
      md5: 13403b7a196f306ff4ec44302a3086bb
      size: 129
