schema: '2.0'
stages:
  data_ingestion:
    cmd: python src/HowlerMonkey/pipeline/stage_01_data_ingestion.py
    deps:
    - path: config/coco.yaml
      hash: md5
      md5: 4d64a46590d6363f71e71bea5b1a87cc
      size: 100
    - path: config/config.yaml
      hash: md5
      md5: 3d6a46c9c41d83f962ac7663b82d5205
      size: 1001
    - path: src/HowlerMonkey/pipeline/stage_01_data_ingestion.py
      hash: md5
      md5: 26d478c82ca1cff6214c31195b270460
      size: 1521
    outs:
    - path: artifacts/data_ingestion/data
      hash: md5
      md5: ffec7debccca1bf4b10589a44e584ae4.dir
      size: 328058868
      nfiles: 4800
  training:
    cmd: python src/HowlerMonkey/pipeline/stage_02_model_training.py
    deps:
    - path: artifacts/data_ingestion/data
      hash: md5
      md5: bc421f760b39cdfc2a3962cf6a9d4cce.dir
      size: 346365468
      nfiles: 4802
    - path: config/coco.yaml
      hash: md5
      md5: 4d64a46590d6363f71e71bea5b1a87cc
      size: 100
      isexec: true
    - path: config/config.yaml
      hash: md5
      md5: dc52bac020d4b089544ca25b668a2f6c
      size: 1009
      isexec: true
    - path: src/HowlerMonkey/pipeline/stage_02_model_training.py
      hash: md5
      md5: 4f0e558969d92c8c0426bf354d8debb4
      size: 835
      isexec: true
    params:
      params.yaml:
        BATCH_SIZE: 32
        EPOCHS: 100
        IMSIZE: 620
    outs:
    - path: artifacts/training/best.pt
      hash: md5
      md5: d769bb8a721b32e48b096967d57f09b8
      size: 6234713
  evaluation:
    cmd: python src/HowlerMonkey/pipeline/stage_03_model_evaluation.py
    deps:
    - path: artifacts/data_ingestion/data
      hash: md5
      md5: 2fa27c287ef4487de1d4beadfc2503a6.dir
      size: 1552964278
      nfiles: 4298
    - path: artifacts/training/best.pt
      hash: md5
      md5: f5096e20129b0d5e5090f2f1263f562a
      size: 6231257
    - path: config/coco.yaml
      hash: md5
      md5: addba1a1b0b5cf07c3bd61307eab1bbd
      size: 100
    - path: config/config.yaml
      hash: md5
      md5: 73ff98e0f9cde8a8fcdeb34b4174cf7d
      size: 442
    - path: src/HowlerMonkey/pipeline/stage_03_model_evaluation.py
      hash: md5
      md5: 828e8b2ace8215408c85ed23b88f53dd
      size: 858
    params:
      params.yaml:
        BATCH_SIZE: 64
        EPOCHS: 10
    outs:
    - path: scores.json
      hash: md5
      md5: 13403b7a196f306ff4ec44302a3086bb
      size: 129
